hash: 00d1bb6efee40174c1fa42c31572890af969bdfa3881191d83f88b26e2eb27ab
updated: 2017-05-20T22:26:10.716677681+08:00
imports:
- name: github.com/liuzheng712/godis
  version: f02c8f219ea6974b24370bfdd9dd70395a53b9fc
  subpackages:
  - logger
  - godis
- name: github.com/op/go-logging
  version: 970db520ece77730c7e4724c61121037378659d9
devImports: []
